
Microsoft Visual Studio Solution File, Format Version 12.00
# Visual Studio Version 17
VisualStudioVersion = 17.11.35219.272
MinimumVisualStudioVersion = 10.0.40219.1
Project("{FAE04EC0-301F-11D3-BF4B-00C04F79EFBC}") = "connectionPCB", "connectionPCB\connectionPCB.csproj", "{ED21EEEB-4CF0-4D36-A5A5-3587DA5E536A}"
EndProject
Global
	GlobalSection(SolutionConfigurationPlatforms) = preSolution
		Debug|Any CPU = Debug|Any CPU
		Release|Any CPU = Release|Any CPU
	EndGlobalSection
	GlobalSection(ProjectConfigurationPlatforms) = postSolution
		{ED21EEEB-4CF0-4D36-A5A5-3587DA5E536A}.Debug|Any CPU.ActiveCfg = Debug|Any CPU
		{ED21EEEB-4CF0-4D36-A5A5-3587DA5E536A}.Debug|Any CPU.Build.0 = Debug|Any CPU
		{ED21EEEB-4CF0-4D36-A5A5-3587DA5E536A}.Release|Any CPU.ActiveCfg = Release|Any CPU
		{ED21EEEB-4CF0-4D36-A5A5-3587DA5E536A}.Release|Any CPU.Build.0 = Release|Any CPU
	EndGlobalSection
	GlobalSection(SolutionProperties) = preSolution
		HideSolutionNode = FALSE
	EndGlobalSection
	GlobalSection(ExtensibilityGlobals) = postSolution
		SolutionGuid = {DD44599A-6011-47E2-81F9-D12B449F01E1}
	EndGlobalSection
EndGlobal
